
Microsoft Visual Studio Solution File, Format Version 12.00
# Visual Studio Version 17
VisualStudioVersion = 17.9.34728.123
MinimumVisualStudioVersion = 10.0.40219.1
Project("{FAE04EC0-301F-11D3-BF4B-00C04F79EFBC}") = "PruebaOracleCRUD", "PruebaOracleCRUD\PruebaOracleCRUD.csproj", "{912C1ACB-4A42-4DBF-8E04-7C07D0B15F45}"
EndProject
Global
	GlobalSection(SolutionConfigurationPlatforms) = preSolution
		Debug|Any CPU = Debug|Any CPU
		Release|Any CPU = Release|Any CPU
	EndGlobalSection
	GlobalSection(ProjectConfigurationPlatforms) = postSolution
		{912C1ACB-4A42-4DBF-8E04-7C07D0B15F45}.Debug|Any CPU.ActiveCfg = Debug|Any CPU
		{912C1ACB-4A42-4DBF-8E04-7C07D0B15F45}.Debug|Any CPU.Build.0 = Debug|Any CPU
		{912C1ACB-4A42-4DBF-8E04-7C07D0B15F45}.Release|Any CPU.ActiveCfg = Release|Any CPU
		{912C1ACB-4A42-4DBF-8E04-7C07D0B15F45}.Release|Any CPU.Build.0 = Release|Any CPU
	EndGlobalSection
	GlobalSection(SolutionProperties) = preSolution
		HideSolutionNode = FALSE
	EndGlobalSection
	GlobalSection(ExtensibilityGlobals) = postSolution
		SolutionGuid = {48029D63-AE8A-459E-B9CD-FBE7DAE11CEE}
	EndGlobalSection
EndGlobal
